
Microsoft Visual Studio Solution File, Format Version 12.00
# Visual Studio 15
VisualStudioVersion = 15.0.28307.271
MinimumVisualStudioVersion = 10.0.40219.1
Project("{FAE04EC0-301F-11D3-BF4B-00C04F79EFBC}") = "NotifyAuthenticationService", "NotifyAuthenticationService\NotifyAuthenticationService.csproj", "{27039EC8-A28C-440A-8A85-FB961742A6F1}"
EndProject
Project("{FAE04EC0-301F-11D3-BF4B-00C04F79EFBC}") = "NotifyAuthenticationHandler", "NotifyAuthenticationHandler\NotifyAuthenticationHandler.csproj", "{FFEB7262-9333-4D9C-856F-1C95AA6FB780}"
EndProject
Project("{FAE04EC0-301F-11D3-BF4B-00C04F79EFBC}") = "OnBaseTest", "OnBaseTest\OnBaseTest.csproj", "{60A5B40F-3333-4C05-BE8B-C8437D80FEC0}"
EndProject
Global
	GlobalSection(SolutionConfigurationPlatforms) = preSolution
		Debug|Any CPU = Debug|Any CPU
		Release|Any CPU = Release|Any CPU
	EndGlobalSection
	GlobalSection(ProjectConfigurationPlatforms) = postSolution
		{27039EC8-A28C-440A-8A85-FB961742A6F1}.Debug|Any CPU.ActiveCfg = Debug|Any CPU
		{27039EC8-A28C-440A-8A85-FB961742A6F1}.Debug|Any CPU.Build.0 = Debug|Any CPU
		{27039EC8-A28C-440A-8A85-FB961742A6F1}.Release|Any CPU.ActiveCfg = Release|Any CPU
		{27039EC8-A28C-440A-8A85-FB961742A6F1}.Release|Any CPU.Build.0 = Release|Any CPU
		{FFEB7262-9333-4D9C-856F-1C95AA6FB780}.Debug|Any CPU.ActiveCfg = Debug|Any CPU
		{FFEB7262-9333-4D9C-856F-1C95AA6FB780}.Debug|Any CPU.Build.0 = Debug|Any CPU
		{FFEB7262-9333-4D9C-856F-1C95AA6FB780}.Release|Any CPU.ActiveCfg = Release|Any CPU
		{FFEB7262-9333-4D9C-856F-1C95AA6FB780}.Release|Any CPU.Build.0 = Release|Any CPU
		{60A5B40F-3333-4C05-BE8B-C8437D80FEC0}.Debug|Any CPU.ActiveCfg = Debug|Any CPU
		{60A5B40F-3333-4C05-BE8B-C8437D80FEC0}.Debug|Any CPU.Build.0 = Debug|Any CPU
		{60A5B40F-3333-4C05-BE8B-C8437D80FEC0}.Release|Any CPU.ActiveCfg = Release|Any CPU
		{60A5B40F-3333-4C05-BE8B-C8437D80FEC0}.Release|Any CPU.Build.0 = Release|Any CPU
	EndGlobalSection
	GlobalSection(SolutionProperties) = preSolution
		HideSolutionNode = FALSE
	EndGlobalSection
	GlobalSection(ExtensibilityGlobals) = postSolution
		SolutionGuid = {ABA52CF7-0F0F-46AE-88D9-F164ABD0614B}
	EndGlobalSection
EndGlobal
